// !$*UTF8*$!
{
	archiveVersion = 1;
	classes = {
	};
	objectVersion = 50;
	objects = {

/* Begin PBXBuildFile section */
		017AF35829C39A307A40C693 /* Pods_Espeo.framework in Frameworks */ = {isa = PBXBuildFile; fileRef = EA9180AAC783E407BB5C6104 /* Pods_Espeo.framework */; };
		6BC5FE532170D7CF00C7FE05 /* ListViewController.swift in Sources */ = {isa = PBXBuildFile; fileRef = 6BC5FE522170D7CF00C7FE05 /* ListViewController.swift */; };
		6BC5FE552170D84C00C7FE05 /* DetailViewController.swift in Sources */ = {isa = PBXBuildFile; fileRef = 6BC5FE542170D84C00C7FE05 /* DetailViewController.swift */; };
		6BC5FE572170D8EB00C7FE05 /* DataModel.swift in Sources */ = {isa = PBXBuildFile; fileRef = 6BC5FE562170D8EB00C7FE05 /* DataModel.swift */; };
		6BC5FE592170DC7200C7FE05 /* APIService.swift in Sources */ = {isa = PBXBuildFile; fileRef = 6BC5FE582170DC7200C7FE05 /* APIService.swift */; };
		6BC5FE5B2170DF6600C7FE05 /* DocumentViewModel.swift in Sources */ = {isa = PBXBuildFile; fileRef = 6BC5FE5A2170DF6600C7FE05 /* DocumentViewModel.swift */; };
		6BFD5E0C2170CED400611E7C /* AppDelegate.swift in Sources */ = {isa = PBXBuildFile; fileRef = 6BFD5E0B2170CED400611E7C /* AppDelegate.swift */; };
		6BFD5E112170CED400611E7C /* Main.storyboard in Resources */ = {isa = PBXBuildFile; fileRef = 6BFD5E0F2170CED400611E7C /* Main.storyboard */; };
		6BFD5E132170CED600611E7C /* Assets.xcassets in Resources */ = {isa = PBXBuildFile; fileRef = 6BFD5E122170CED600611E7C /* Assets.xcassets */; };
		6BFD5E162170CED600611E7C /* LaunchScreen.storyboard in Resources */ = {isa = PBXBuildFile; fileRef = 6BFD5E142170CED600611E7C /* LaunchScreen.storyboard */; };
/* End PBXBuildFile section */

/* Begin PBXFileReference section */
		10D0892CCD4E289087E59CE5 /* Pods-Espeo.debug.xcconfig */ = {isa = PBXFileReference; includeInIndex = 1; lastKnownFileType = text.xcconfig; name = "Pods-Espeo.debug.xcconfig"; path = "Pods/Target Support Files/Pods-Espeo/Pods-Espeo.debug.xcconfig"; sourceTree = "<group>"; };
		3A0E0A575AD9EFC5F0576229 /* Pods-Espeo.release.xcconfig */ = {isa = PBXFileReference; includeInIndex = 1; lastKnownFileType = text.xcconfig; name = "Pods-Espeo.release.xcconfig"; path = "Pods/Target Support Files/Pods-Espeo/Pods-Espeo.release.xcconfig"; sourceTree = "<group>"; };
		6BC5FE522170D7CF00C7FE05 /* ListViewController.swift */ = {isa = PBXFileReference; lastKnownFileType = sourcecode.swift; path = ListViewController.swift; sourceTree = "<group>"; };
		6BC5FE542170D84C00C7FE05 /* DetailViewController.swift */ = {isa = PBXFileReference; lastKnownFileType = sourcecode.swift; path = DetailViewController.swift; sourceTree = "<group>"; };
		6BC5FE562170D8EB00C7FE05 /* DataModel.swift */ = {isa = PBXFileReference; lastKnownFileType = sourcecode.swift; path = DataModel.swift; sourceTree = "<group>"; };
		6BC5FE582170DC7200C7FE05 /* APIService.swift */ = {isa = PBXFileReference; lastKnownFileType = sourcecode.swift; path = APIService.swift; sourceTree = "<group>"; };
		6BC5FE5A2170DF6600C7FE05 /* DocumentViewModel.swift */ = {isa = PBXFileReference; lastKnownFileType = sourcecode.swift; path = DocumentViewModel.swift; sourceTree = "<group>"; };
		6BFD5E082170CED400611E7C /* Espeo.app */ = {isa = PBXFileReference; explicitFileType = wrapper.application; includeInIndex = 0; path = Espeo.app; sourceTree = BUILT_PRODUCTS_DIR; };
		6BFD5E0B2170CED400611E7C /* AppDelegate.swift */ = {isa = PBXFileReference; lastKnownFileType = sourcecode.swift; path = AppDelegate.swift; sourceTree = "<group>"; };
		6BFD5E102170CED400611E7C /* Base */ = {isa = PBXFileReference; lastKnownFileType = file.storyboard; name = Base; path = Base.lproj/Main.storyboard; sourceTree = "<group>"; };
		6BFD5E122170CED600611E7C /* Assets.xcassets */ = {isa = PBXFileReference; lastKnownFileType = folder.assetcatalog; path = Assets.xcassets; sourceTree = "<group>"; };
		6BFD5E152170CED600611E7C /* Base */ = {isa = PBXFileReference; lastKnownFileType = file.storyboard; name = Base; path = Base.lproj/LaunchScreen.storyboard; sourceTree = "<group>"; };
		6BFD5E172170CED600611E7C /* Info.plist */ = {isa = PBXFileReference; lastKnownFileType = text.plist.xml; path = Info.plist; sourceTree = "<group>"; };
		EA9180AAC783E407BB5C6104 /* Pods_Espeo.framework */ = {isa = PBXFileReference; explicitFileType = wrapper.framework; includeInIndex = 0; path = Pods_Espeo.framework; sourceTree = BUILT_PRODUCTS_DIR; };
/* End PBXFileReference section */

/* Begin PBXFrameworksBuildPhase section */
		6BFD5E052170CED400611E7C /* Frameworks */ = {
			isa = PBXFrameworksBuildPhase;
			buildActionMask = 2147483647;
			files = (
				017AF35829C39A307A40C693 /* Pods_Espeo.framework in Frameworks */,
			);
			runOnlyForDeploymentPostprocessing = 0;
		};
/* End PBXFrameworksBuildPhase section */

/* Begin PBXGroup section */
		6BC5FE4A2170D67100C7FE05 /* Model */ = {
			isa = PBXGroup;
			children = (
				6BC5FE562170D8EB00C7FE05 /* DataModel.swift */,
			);
			path = Model;
			sourceTree = "<group>";
		};
		6BC5FE4B2170D67F00C7FE05 /* ViewModel */ = {
			isa = PBXGroup;
			children = (
				6BC5FE5A2170DF6600C7FE05 /* DocumentViewModel.swift */,
			);
			path = ViewModel;
			sourceTree = "<group>";
		};
		6BC5FE4C2170D69000C7FE05 /* View */ = {
			isa = PBXGroup;
			children = (
			);
			path = View;
			sourceTree = "<group>";
		};
		6BC5FE4D2170D69E00C7FE05 /* ViewControllers */ = {
			isa = PBXGroup;
			children = (
				6BC5FE522170D7CF00C7FE05 /* ListViewController.swift */,
				6BC5FE542170D84C00C7FE05 /* DetailViewController.swift */,
			);
			path = ViewControllers;
			sourceTree = "<group>";
		};
		6BC5FE4E2170D6AF00C7FE05 /* Other */ = {
			isa = PBXGroup;
			children = (
				6BC5FE502170D6C600C7FE05 /* Extensions */,
				6BC5FE4F2170D6BC00C7FE05 /* Services */,
				6BC5FE512170D6D300C7FE05 /* Helpers */,
			);
			path = Other;
			sourceTree = "<group>";
		};
		6BC5FE4F2170D6BC00C7FE05 /* Services */ = {
			isa = PBXGroup;
			children = (
				6BC5FE582170DC7200C7FE05 /* APIService.swift */,
			);
			path = Services;
			sourceTree = "<group>";
		};
		6BC5FE502170D6C600C7FE05 /* Extensions */ = {
			isa = PBXGroup;
			children = (
			);
			path = Extensions;
			sourceTree = "<group>";
		};
		6BC5FE512170D6D300C7FE05 /* Helpers */ = {
			isa = PBXGroup;
			children = (
			);
			path = Helpers;
			sourceTree = "<group>";
		};
		6BFD5DFF2170CED400611E7C = {
			isa = PBXGroup;
			children = (
				6BFD5E0A2170CED400611E7C /* Espeo */,
				6BFD5E092170CED400611E7C /* Products */,
				951E34FC51F4256376045530 /* Pods */,
				8361A6B8399730AFA4F6F60A /* Frameworks */,
			);
			sourceTree = "<group>";
		};
		6BFD5E092170CED400611E7C /* Products */ = {
			isa = PBXGroup;
			children = (
				6BFD5E082170CED400611E7C /* Espeo.app */,
			);
			name = Products;
			sourceTree = "<group>";
		};
		6BFD5E0A2170CED400611E7C /* Espeo */ = {
			isa = PBXGroup;
			children = (
				6BFD5E0B2170CED400611E7C /* AppDelegate.swift */,
				6BFD5E0F2170CED400611E7C /* Main.storyboard */,
				6BC5FE4A2170D67100C7FE05 /* Model */,
				6BC5FE4B2170D67F00C7FE05 /* ViewModel */,
				6BC5FE4C2170D69000C7FE05 /* View */,
				6BC5FE4D2170D69E00C7FE05 /* ViewControllers */,
				6BC5FE4E2170D6AF00C7FE05 /* Other */,
				6BFD5E122170CED600611E7C /* Assets.xcassets */,
				6BFD5E142170CED600611E7C /* LaunchScreen.storyboard */,
				6BFD5E172170CED600611E7C /* Info.plist */,
			);
			path = Espeo;
			sourceTree = "<group>";
		};
		8361A6B8399730AFA4F6F60A /* Frameworks */ = {
			isa = PBXGroup;
			children = (
				EA9180AAC783E407BB5C6104 /* Pods_Espeo.framework */,
			);
			name = Frameworks;
			sourceTree = "<group>";
		};
		951E34FC51F4256376045530 /* Pods */ = {
			isa = PBXGroup;
			children = (
				10D0892CCD4E289087E59CE5 /* Pods-Espeo.debug.xcconfig */,
				3A0E0A575AD9EFC5F0576229 /* Pods-Espeo.release.xcconfig */,
			);
			name = Pods;
			sourceTree = "<group>";
		};
/* End PBXGroup section */

/* Begin PBXNativeTarget section */
		6BFD5E072170CED400611E7C /* Espeo */ = {
			isa = PBXNativeTarget;
			buildConfigurationList = 6BFD5E1A2170CED600611E7C /* Build configuration list for PBXNativeTarget "Espeo" */;
			buildPhases = (
				E34595F4A0ABCE9C323FEA67 /* [CP] Check Pods Manifest.lock */,
				6BFD5E042170CED400611E7C /* Sources */,
				6BFD5E052170CED400611E7C /* Frameworks */,
				6BFD5E062170CED400611E7C /* Resources */,
				D069127695FD6F9764B07491 /* [CP] Embed Pods Frameworks */,
			);
			buildRules = (
			);
			dependencies = (
			);
			name = Espeo;
			productName = Espeo;
			productReference = 6BFD5E082170CED400611E7C /* Espeo.app */;
			productType = "com.apple.product-type.application";
		};
/* End PBXNativeTarget section */

/* Begin PBXProject section */
		6BFD5E002170CED400611E7C /* Project object */ = {
			isa = PBXProject;
			attributes = {
				LastSwiftUpdateCheck = 1000;
				LastUpgradeCheck = 1000;
				ORGANIZATIONNAME = "Krzysztof Lech";
				TargetAttributes = {
					6BFD5E072170CED400611E7C = {
						CreatedOnToolsVersion = 10.0;
					};
				};
			};
			buildConfigurationList = 6BFD5E032170CED400611E7C /* Build configuration list for PBXProject "Espeo" */;
			compatibilityVersion = "Xcode 9.3";
			developmentRegion = en;
			hasScannedForEncodings = 0;
			knownRegions = (
				en,
				Base,
			);
			mainGroup = 6BFD5DFF2170CED400611E7C;
			productRefGroup = 6BFD5E092170CED400611E7C /* Products */;
			projectDirPath = "";
			projectRoot = "";
			targets = (
				6BFD5E072170CED400611E7C /* Espeo */,
			);
		};
/* End PBXProject section */

/* Begin PBXResourcesBuildPhase section */
		6BFD5E062170CED400611E7C /* Resources */ = {
			isa = PBXResourcesBuildPhase;
			buildActionMask = 2147483647;
			files = (
				6BFD5E162170CED600611E7C /* LaunchScreen.storyboard in Resources */,
				6BFD5E132170CED600611E7C /* Assets.xcassets in Resources */,
				6BFD5E112170CED400611E7C /* Main.storyboard in Resources */,
			);
			runOnlyForDeploymentPostprocessing = 0;
		};
/* End PBXResourcesBuildPhase section */

/* Begin PBXShellScriptBuildPhase section */
		D069127695FD6F9764B07491 /* [CP] Embed Pods Frameworks */ = {
			isa = PBXShellScriptBuildPhase;
			buildActionMask = 2147483647;
			files = (
			);
			inputPaths = (
				"${SRCROOT}/Pods/Target Support Files/Pods-Espeo/Pods-Espeo-frameworks.sh",
				"${BUILT_PRODUCTS_DIR}/Alamofire/Alamofire.framework",
				"${BUILT_PRODUCTS_DIR}/ReachabilitySwift/Reachability.framework",
			);
			name = "[CP] Embed Pods Frameworks";
			outputPaths = (
				"${TARGET_BUILD_DIR}/${FRAMEWORKS_FOLDER_PATH}/Alamofire.framework",
				"${TARGET_BUILD_DIR}/${FRAMEWORKS_FOLDER_PATH}/Reachability.framework",
			);
			runOnlyForDeploymentPostprocessing = 0;
			shellPath = /bin/sh;
			shellScript = "\"${SRCROOT}/Pods/Target Support Files/Pods-Espeo/Pods-Espeo-frameworks.sh\"\n";
			showEnvVarsInLog = 0;
		};
		E34595F4A0ABCE9C323FEA67 /* [CP] Check Pods Manifest.lock */ = {
			isa = PBXShellScriptBuildPhase;
			buildActionMask = 2147483647;
			files = (
			);
			inputPaths = (
				"${PODS_PODFILE_DIR_PATH}/Podfile.lock",
				"${PODS_ROOT}/Manifest.lock",
			);
			name = "[CP] Check Pods Manifest.lock";
			outputPaths = (
				"$(DERIVED_FILE_DIR)/Pods-Espeo-checkManifestLockResult.txt",
			);
			runOnlyForDeploymentPostprocessing = 0;
			shellPath = /bin/sh;
			shellScript = "diff \"${PODS_PODFILE_DIR_PATH}/Podfile.lock\" \"${PODS_ROOT}/Manifest.lock\" > /dev/null\nif [ $? != 0 ] ; then\n    # print error to STDERR\n    echo \"error: The sandbox is not in sync with the Podfile.lock. Run 'pod install' or update your CocoaPods installation.\" >&2\n    exit 1\nfi\n# This output is used by Xcode 'outputs' to avoid re-running this script phase.\necho \"SUCCESS\" > \"${SCRIPT_OUTPUT_FILE_0}\"\n";
			showEnvVarsInLog = 0;
		};
/* End PBXShellScriptBuildPhase section */

/* Begin PBXSourcesBuildPhase section */
		6BFD5E042170CED400611E7C /* Sources */ = {
			isa = PBXSourcesBuildPhase;
			buildActionMask = 2147483647;
			files = (
				6BC5FE572170D8EB00C7FE05 /* DataModel.swift in Sources */,
				6BC5FE592170DC7200C7FE05 /* APIService.swift in Sources */,
				6BC5FE552170D84C00C7FE05 /* DetailViewController.swift in Sources */,
				6BC5FE532170D7CF00C7FE05 /* ListViewController.swift in Sources */,
				6BFD5E0C2170CED400611E7C /* AppDelegate.swift in Sources */,
				6BC5FE5B2170DF6600C7FE05 /* DocumentViewModel.swift in Sources */,
			);
			runOnlyForDeploymentPostprocessing = 0;
		};
/* End PBXSourcesBuildPhase section */

/* Begin PBXVariantGroup section */
		6BFD5E0F2170CED400611E7C /* Main.storyboard */ = {
			isa = PBXVariantGroup;
			children = (
				6BFD5E102170CED400611E7C /* Base */,
			);
			name = Main.storyboard;
			sourceTree = "<group>";
		};
		6BFD5E142170CED600611E7C /* LaunchScreen.storyboard */ = {
			isa = PBXVariantGroup;
			children = (
				6BFD5E152170CED600611E7C /* Base */,
			);
			name = LaunchScreen.storyboard;
			sourceTree = "<group>";
		};
/* End PBXVariantGroup section */

/* Begin XCBuildConfiguration section */
		6BFD5E182170CED600611E7C /* Debug */ = {
			isa = XCBuildConfiguration;
			buildSettings = {
				ALWAYS_SEARCH_USER_PATHS = NO;
				CLANG_ANALYZER_NONNULL = YES;
				CLANG_ANALYZER_NUMBER_OBJECT_CONVERSION = YES_AGGRESSIVE;
				CLANG_CXX_LANGUAGE_STANDARD = "gnu++14";
				CLANG_CXX_LIBRARY = "libc++";
				CLANG_ENABLE_MODULES = YES;
				CLANG_ENABLE_OBJC_ARC = YES;
				CLANG_ENABLE_OBJC_WEAK = YES;
				CLANG_WARN_BLOCK_CAPTURE_AUTORELEASING = YES;
				CLANG_WARN_BOOL_CONVERSION = YES;
				CLANG_WARN_COMMA = YES;
				CLANG_WARN_CONSTANT_CONVERSION = YES;
				CLANG_WARN_DEPRECATED_OBJC_IMPLEMENTATIONS = YES;
				CLANG_WARN_DIRECT_OBJC_ISA_USAGE = YES_ERROR;
				CLANG_WARN_DOCUMENTATION_COMMENTS = YES;
				CLANG_WARN_EMPTY_BODY = YES;
				CLANG_WARN_ENUM_CONVERSION = YES;
				CLANG_WARN_INFINITE_RECURSION = YES;
				CLANG_WARN_INT_CONVERSION = YES;
				CLANG_WARN_NON_LITERAL_NULL_CONVERSION = YES;
				CLANG_WARN_OBJC_IMPLICIT_RETAIN_SELF = YES;
				CLANG_WARN_OBJC_LITERAL_CONVERSION = YES;
				CLANG_WARN_OBJC_ROOT_CLASS = YES_ERROR;
				CLANG_WARN_RANGE_LOOP_ANALYSIS = YES;
				CLANG_WARN_STRICT_PROTOTYPES = YES;
				CLANG_WARN_SUSPICIOUS_MOVE = YES;
				CLANG_WARN_UNGUARDED_AVAILABILITY = YES_AGGRESSIVE;
				CLANG_WARN_UNREACHABLE_CODE = YES;
				CLANG_WARN__DUPLICATE_METHOD_MATCH = YES;
				CODE_SIGN_IDENTITY = "iPhone Developer";
				COPY_PHASE_STRIP = NO;
				DEBUG_INFORMATION_FORMAT = dwarf;
				ENABLE_STRICT_OBJC_MSGSEND = YES;
				ENABLE_TESTABILITY = YES;
				GCC_C_LANGUAGE_STANDARD = gnu11;
				GCC_DYNAMIC_NO_PIC = NO;
				GCC_NO_COMMON_BLOCKS = YES;
				GCC_OPTIMIZATION_LEVEL = 0;
				GCC_PREPROCESSOR_DEFINITIONS = (
					"DEBUG=1",
					"$(inherited)",
				);
				GCC_WARN_64_TO_32_BIT_CONVERSION = YES;
				GCC_WARN_ABOUT_RETURN_TYPE = YES_ERROR;
				GCC_WARN_UNDECLARED_SELECTOR = YES;
				GCC_WARN_UNINITIALIZED_AUTOS = YES_AGGRESSIVE;
				GCC_WARN_UNUSED_FUNCTION = YES;
				GCC_WARN_UNUSED_VARIABLE = YES;
				IPHONEOS_DEPLOYMENT_TARGET = 12.0;
				MTL_ENABLE_DEBUG_INFO = INCLUDE_SOURCE;
				MTL_FAST_MATH = YES;
				ONLY_ACTIVE_ARCH = YES;
				SDKROOT = iphoneos;
				SWIFT_ACTIVE_COMPILATION_CONDITIONS = DEBUG;
				SWIFT_OPTIMIZATION_LEVEL = "-Onone";
			};
			name = Debug;
		};
		6BFD5E192170CED600611E7C /* Release */ = {
			isa = XCBuildConfiguration;
			buildSettings = {
				ALWAYS_SEARCH_USER_PATHS = NO;
				CLANG_ANALYZER_NONNULL = YES;
				CLANG_ANALYZER_NUMBER_OBJECT_CONVERSION = YES_AGGRESSIVE;
				CLANG_CXX_LANGUAGE_STANDARD = "gnu++14";
				CLANG_CXX_LIBRARY = "libc++";
				CLANG_ENABLE_MODULES = YES;
				CLANG_ENABLE_OBJC_ARC = YES;
				CLANG_ENABLE_OBJC_WEAK = YES;
				CLANG_WARN_BLOCK_CAPTURE_AUTORELEASING = YES;
				CLANG_WARN_BOOL_CONVERSION = YES;
				CLANG_WARN_COMMA = YES;
				CLANG_WARN_CONSTANT_CONVERSION = YES;
				CLANG_WARN_DEPRECATED_OBJC_IMPLEMENTATIONS = YES;
				CLANG_WARN_DIRECT_OBJC_ISA_USAGE = YES_ERROR;
				CLANG_WARN_DOCUMENTATION_COMMENTS = YES;
				CLANG_WARN_EMPTY_BODY = YES;
				CLANG_WARN_ENUM_CONVERSION = YES;
				CLANG_WARN_INFINITE_RECURSION = YES;
				CLANG_WARN_INT_CONVERSION = YES;
				CLANG_WARN_NON_LITERAL_NULL_CONVERSION = YES;
				CLANG_WARN_OBJC_IMPLICIT_RETAIN_SELF = YES;
				CLANG_WARN_OBJC_LITERAL_CONVERSION = YES;
				CLANG_WARN_OBJC_ROOT_CLASS = YES_ERROR;
				CLANG_WARN_RANGE_LOOP_ANALYSIS = YES;
				CLANG_WARN_STRICT_PROTOTYPES = YES;
				CLANG_WARN_SUSPICIOUS_MOVE = YES;
				CLANG_WARN_UNGUARDED_AVAILABILITY = YES_AGGRESSIVE;
				CLANG_WARN_UNREACHABLE_CODE = YES;
				CLANG_WARN__DUPLICATE_METHOD_MATCH = YES;
				CODE_SIGN_IDENTITY = "iPhone Developer";
				COPY_PHASE_STRIP = NO;
				DEBUG_INFORMATION_FORMAT = "dwarf-with-dsym";
				ENABLE_NS_ASSERTIONS = NO;
				ENABLE_STRICT_OBJC_MSGSEND = YES;
				GCC_C_LANGUAGE_STANDARD = gnu11;
				GCC_NO_COMMON_BLOCKS = YES;
				GCC_WARN_64_TO_32_BIT_CONVERSION = YES;
				GCC_WARN_ABOUT_RETURN_TYPE = YES_ERROR;
				GCC_WARN_UNDECLARED_SELECTOR = YES;
				GCC_WARN_UNINITIALIZED_AUTOS = YES_AGGRESSIVE;
				GCC_WARN_UNUSED_FUNCTION = YES;
				GCC_WARN_UNUSED_VARIABLE = YES;
				IPHONEOS_DEPLOYMENT_TARGET = 12.0;
				MTL_ENABLE_DEBUG_INFO = NO;
				MTL_FAST_MATH = YES;
				SDKROOT = iphoneos;
				SWIFT_COMPILATION_MODE = wholemodule;
				SWIFT_OPTIMIZATION_LEVEL = "-O";
				VALIDATE_PRODUCT = YES;
			};
			name = Release;
		};
		6BFD5E1B2170CED600611E7C /* Debug */ = {
			isa = XCBuildConfiguration;
			baseConfigurationReference = 10D0892CCD4E289087E59CE5 /* Pods-Espeo.debug.xcconfig */;
			buildSettings = {
				ASSETCATALOG_COMPILER_APPICON_NAME = AppIcon;
				CODE_SIGN_STYLE = Automatic;
				DEVELOPMENT_TEAM = 2UGBQYC9Y9;
				INFOPLIST_FILE = Espeo/Info.plist;
				LD_RUNPATH_SEARCH_PATHS = (
					"$(inherited)",
					"@executable_path/Frameworks",
				);
				PRODUCT_BUNDLE_IDENTIFIER = kl.24abc.pl.Espeo;
				PRODUCT_NAME = "$(TARGET_NAME)";
				SWIFT_VERSION = 4.2;
				TARGETED_DEVICE_FAMILY = "1,2";
			};
			name = Debug;
		};
		6BFD5E1C2170CED600611E7C /* Release */ = {
			isa = XCBuildConfiguration;
			baseConfigurationReference = 3A0E0A575AD9EFC5F0576229 /* Pods-Espeo.release.xcconfig */;
			buildSettings = {
				ASSETCATALOG_COMPILER_APPICON_NAME = AppIcon;
				CODE_SIGN_STYLE = Automatic;
				DEVELOPMENT_TEAM = 2UGBQYC9Y9;
				INFOPLIST_FILE = Espeo/Info.plist;
				LD_RUNPATH_SEARCH_PATHS = (
					"$(inherited)",
					"@executable_path/Frameworks",
				);
				PRODUCT_BUNDLE_IDENTIFIER = kl.24abc.pl.Espeo;
				PRODUCT_NAME = "$(TARGET_NAME)";
				SWIFT_VERSION = 4.2;
				TARGETED_DEVICE_FAMILY = "1,2";
			};
			name = Release;
		};
/* End XCBuildConfiguration section */

/* Begin XCConfigurationList section */
		6BFD5E032170CED400611E7C /* Build configuration list for PBXProject "Espeo" */ = {
			isa = XCConfigurationList;
			buildConfigurations = (
				6BFD5E182170CED600611E7C /* Debug */,
				6BFD5E192170CED600611E7C /* Release */,
			);
			defaultConfigurationIsVisible = 0;
			defaultConfigurationName = Release;
		};
		6BFD5E1A2170CED600611E7C /* Build configuration list for PBXNativeTarget "Espeo" */ = {
			isa = XCConfigurationList;
			buildConfigurations = (
				6BFD5E1B2170CED600611E7C /* Debug */,
				6BFD5E1C2170CED600611E7C /* Release */,
			);
			defaultConfigurationIsVisible = 0;
			defaultConfigurationName = Release;
		};
/* End XCConfigurationList section */
	};
	rootObject = 6BFD5E002170CED400611E7C /* Project object */;
}
